// !$*UTF8*$!
{
	archiveVersion = 1;
	classes = {
	};
	objectVersion = 46;
	objects = {

/* Begin PBXBuildFile section */
		64B801241FA39911004A6EEE /* ShowsTest.swift in Sources */ = {isa = PBXBuildFile; fileRef = 64B801161FA3990B004A6EEE /* ShowsTest.swift */; };
		64B801351FA3A510004A6EEE /* trakt_episodes_summary.json in Resources */ = {isa = PBXBuildFile; fileRef = 64B801191FA3990B004A6EEE /* trakt_episodes_summary.json */; };
		64B801361FA3A510004A6EEE /* trakt_genres_movies.json in Resources */ = {isa = PBXBuildFile; fileRef = 64B8011A1FA3990B004A6EEE /* trakt_genres_movies.json */; };
		64B801371FA3A510004A6EEE /* trakt_genres_shows.json in Resources */ = {isa = PBXBuildFile; fileRef = 64B8011B1FA3990B004A6EEE /* trakt_genres_shows.json */; };
		64B801381FA3A510004A6EEE /* trakt_search_textquery.json in Resources */ = {isa = PBXBuildFile; fileRef = 64B8011C1FA3990B004A6EEE /* trakt_search_textquery.json */; };
		64B801391FA3A510004A6EEE /* trakt_shows_summary.json in Resources */ = {isa = PBXBuildFile; fileRef = 64B8011D1FA3990B004A6EEE /* trakt_shows_summary.json */; };
		64B8013A1FA3A510004A6EEE /* trakt_shows_trending.json in Resources */ = {isa = PBXBuildFile; fileRef = 64B8011E1FA3990B004A6EEE /* trakt_shows_trending.json */; };
		64B8013B1FA3A510004A6EEE /* trakt_shows_watchedprogress.json in Resources */ = {isa = PBXBuildFile; fileRef = 64B8011F1FA3990B004A6EEE /* trakt_shows_watchedprogress.json */; };
		64B8013C1FA3A510004A6EEE /* trakt_sync_watchedshows.json in Resources */ = {isa = PBXBuildFile; fileRef = 64B801201FA3990B004A6EEE /* trakt_sync_watchedshows.json */; };
		64B8013D1FA3A510004A6EEE /* trakt_users_settings.json in Resources */ = {isa = PBXBuildFile; fileRef = 64B801211FA3990B004A6EEE /* trakt_users_settings.json */; };
		64B801A21FA788E3004A6EEE /* TraktTests.swift in Sources */ = {isa = PBXBuildFile; fileRef = 64B801A11FA788E3004A6EEE /* TraktTests.swift */; };
		E0D5B636157E960E18B2A394 /* Pods_TraktTests.framework in Frameworks */ = {isa = PBXBuildFile; fileRef = F5BB5161DE48358C2D53AE51 /* Pods_TraktTests.framework */; };
/* End PBXBuildFile section */

/* Begin PBXContainerItemProxy section */
		64B8013F1FA3A587004A6EEE /* PBXContainerItemProxy */ = {
			isa = PBXContainerItemProxy;
			containerPortal = 607FACC81AFB9204008FA782 /* Project object */;
			proxyType = 1;
			remoteGlobalIDString = 64B8012E1FA3A50A004A6EEE;
			remoteInfo = TraktTestsResources;
		};
/* End PBXContainerItemProxy section */

/* Begin PBXFileReference section */
		12E47DF8A5E9D8C08F80AA4C /* Pods-TraktTests.debug.xcconfig */ = {isa = PBXFileReference; includeInIndex = 1; lastKnownFileType = text.xcconfig; name = "Pods-TraktTests.debug.xcconfig"; path = "Pods/Target Support Files/Pods-TraktTests/Pods-TraktTests.debug.xcconfig"; sourceTree = "<group>"; };
		2D2C33C259154CF28E674C53 /* Pods-Trakt_Example.debug.xcconfig */ = {isa = PBXFileReference; includeInIndex = 1; lastKnownFileType = text.xcconfig; name = "Pods-Trakt_Example.debug.xcconfig"; path = "Pods/Target Support Files/Pods-Trakt_Example/Pods-Trakt_Example.debug.xcconfig"; sourceTree = "<group>"; };
		5042808C17312594E309AB86 /* Pods_Trakt_Example.framework */ = {isa = PBXFileReference; explicitFileType = wrapper.framework; includeInIndex = 0; path = Pods_Trakt_Example.framework; sourceTree = BUILT_PRODUCTS_DIR; };
		64B801091FA3989F004A6EEE /* UNLICENSE */ = {isa = PBXFileReference; lastKnownFileType = text; name = UNLICENSE; path = ../UNLICENSE; sourceTree = "<group>"; };
		64B8010E1FA398D7004A6EEE /* TraktTests.xctest */ = {isa = PBXFileReference; explicitFileType = wrapper.cfbundle; includeInIndex = 0; path = TraktTests.xctest; sourceTree = BUILT_PRODUCTS_DIR; };
		64B801121FA398D7004A6EEE /* Info.plist */ = {isa = PBXFileReference; lastKnownFileType = text.plist.xml; path = Info.plist; sourceTree = "<group>"; };
		64B801161FA3990B004A6EEE /* ShowsTest.swift */ = {isa = PBXFileReference; lastKnownFileType = sourcecode.swift; path = ShowsTest.swift; sourceTree = "<group>"; };
		64B801191FA3990B004A6EEE /* trakt_episodes_summary.json */ = {isa = PBXFileReference; lastKnownFileType = text.json; path = trakt_episodes_summary.json; sourceTree = "<group>"; };
		64B8011A1FA3990B004A6EEE /* trakt_genres_movies.json */ = {isa = PBXFileReference; lastKnownFileType = text.json; path = trakt_genres_movies.json; sourceTree = "<group>"; };
		64B8011B1FA3990B004A6EEE /* trakt_genres_shows.json */ = {isa = PBXFileReference; lastKnownFileType = text.json; path = trakt_genres_shows.json; sourceTree = "<group>"; };
		64B8011C1FA3990B004A6EEE /* trakt_search_textquery.json */ = {isa = PBXFileReference; lastKnownFileType = text.json; path = trakt_search_textquery.json; sourceTree = "<group>"; };
		64B8011D1FA3990B004A6EEE /* trakt_shows_summary.json */ = {isa = PBXFileReference; lastKnownFileType = text.json; path = trakt_shows_summary.json; sourceTree = "<group>"; };
		64B8011E1FA3990B004A6EEE /* trakt_shows_trending.json */ = {isa = PBXFileReference; lastKnownFileType = text.json; path = trakt_shows_trending.json; sourceTree = "<group>"; };
		64B8011F1FA3990B004A6EEE /* trakt_shows_watchedprogress.json */ = {isa = PBXFileReference; lastKnownFileType = text.json; path = trakt_shows_watchedprogress.json; sourceTree = "<group>"; };
		64B801201FA3990B004A6EEE /* trakt_sync_watchedshows.json */ = {isa = PBXFileReference; lastKnownFileType = text.json; path = trakt_sync_watchedshows.json; sourceTree = "<group>"; };
		64B801211FA3990B004A6EEE /* trakt_users_settings.json */ = {isa = PBXFileReference; lastKnownFileType = text.json; path = trakt_users_settings.json; sourceTree = "<group>"; };
		64B8012F1FA3A50A004A6EEE /* TraktTestsResources.bundle */ = {isa = PBXFileReference; explicitFileType = wrapper.cfbundle; includeInIndex = 0; path = TraktTestsResources.bundle; sourceTree = BUILT_PRODUCTS_DIR; };
		64B801311FA3A50A004A6EEE /* Info.plist */ = {isa = PBXFileReference; lastKnownFileType = text.plist.xml; path = Info.plist; sourceTree = "<group>"; };
		64B801A11FA788E3004A6EEE /* TraktTests.swift */ = {isa = PBXFileReference; fileEncoding = 4; lastKnownFileType = sourcecode.swift; path = TraktTests.swift; sourceTree = "<group>"; };
		6C2EFBF92968B79F8E47C777 /* Pods-TraktTests.release.xcconfig */ = {isa = PBXFileReference; includeInIndex = 1; lastKnownFileType = text.xcconfig; name = "Pods-TraktTests.release.xcconfig"; path = "Pods/Target Support Files/Pods-TraktTests/Pods-TraktTests.release.xcconfig"; sourceTree = "<group>"; };
		C9204B814150B31DFB49F5FB /* README.md */ = {isa = PBXFileReference; includeInIndex = 1; lastKnownFileType = net.daringfireball.markdown; name = README.md; path = ../README.md; sourceTree = "<group>"; };
		D5F399452A9E5AF02591717A /* Trakt.podspec */ = {isa = PBXFileReference; includeInIndex = 1; lastKnownFileType = text; name = Trakt.podspec; path = ../Trakt.podspec; sourceTree = "<group>"; };
		D9DB8D400A394FB439F5D4AD /* Pods-Trakt_Example.release.xcconfig */ = {isa = PBXFileReference; includeInIndex = 1; lastKnownFileType = text.xcconfig; name = "Pods-Trakt_Example.release.xcconfig"; path = "Pods/Target Support Files/Pods-Trakt_Example/Pods-Trakt_Example.release.xcconfig"; sourceTree = "<group>"; };
		ED51B2F09F77F336BCAD9292 /* Pods_Trakt_Tests.framework */ = {isa = PBXFileReference; explicitFileType = wrapper.framework; includeInIndex = 0; path = Pods_Trakt_Tests.framework; sourceTree = BUILT_PRODUCTS_DIR; };
		F5BB5161DE48358C2D53AE51 /* Pods_TraktTests.framework */ = {isa = PBXFileReference; explicitFileType = wrapper.framework; includeInIndex = 0; path = Pods_TraktTests.framework; sourceTree = BUILT_PRODUCTS_DIR; };
/* End PBXFileReference section */

/* Begin PBXFrameworksBuildPhase section */
		64B8010B1FA398D7004A6EEE /* Frameworks */ = {
			isa = PBXFrameworksBuildPhase;
			buildActionMask = 2147483647;
			files = (
				E0D5B636157E960E18B2A394 /* Pods_TraktTests.framework in Frameworks */,
			);
			runOnlyForDeploymentPostprocessing = 0;
		};
		64B8012C1FA3A50A004A6EEE /* Frameworks */ = {
			isa = PBXFrameworksBuildPhase;
			buildActionMask = 2147483647;
			files = (
			);
			runOnlyForDeploymentPostprocessing = 0;
		};
/* End PBXFrameworksBuildPhase section */

/* Begin PBXGroup section */
		030CF63DA7C1D1030F9A886B /* Frameworks */ = {
			isa = PBXGroup;
			children = (
				5042808C17312594E309AB86 /* Pods_Trakt_Example.framework */,
				ED51B2F09F77F336BCAD9292 /* Pods_Trakt_Tests.framework */,
				F5BB5161DE48358C2D53AE51 /* Pods_TraktTests.framework */,
			);
			name = Frameworks;
			sourceTree = "<group>";
		};
		607FACC71AFB9204008FA782 = {
			isa = PBXGroup;
			children = (
				607FACF51AFB993E008FA782 /* Podspec Metadata */,
				64B8010F1FA398D7004A6EEE /* TraktTests */,
				64B801301FA3A50A004A6EEE /* TraktTestsResources */,
				607FACD11AFB9204008FA782 /* Products */,
				9C6BA3B8CFCBE0FA85308BE3 /* Pods */,
				030CF63DA7C1D1030F9A886B /* Frameworks */,
			);
			sourceTree = "<group>";
		};
		607FACD11AFB9204008FA782 /* Products */ = {
			isa = PBXGroup;
			children = (
				64B8010E1FA398D7004A6EEE /* TraktTests.xctest */,
				64B8012F1FA3A50A004A6EEE /* TraktTestsResources.bundle */,
			);
			name = Products;
			sourceTree = "<group>";
		};
		607FACF51AFB993E008FA782 /* Podspec Metadata */ = {
			isa = PBXGroup;
			children = (
				64B801091FA3989F004A6EEE /* UNLICENSE */,
				D5F399452A9E5AF02591717A /* Trakt.podspec */,
				C9204B814150B31DFB49F5FB /* README.md */,
			);
			name = "Podspec Metadata";
			sourceTree = "<group>";
		};
		64B8010F1FA398D7004A6EEE /* TraktTests */ = {
			isa = PBXGroup;
			children = (
				64B801121FA398D7004A6EEE /* Info.plist */,
				64B801181FA3990B004A6EEE /* JSONs */,
				64B801161FA3990B004A6EEE /* ShowsTest.swift */,
				64B801A11FA788E3004A6EEE /* TraktTests.swift */,
			);
			path = TraktTests;
			sourceTree = "<group>";
		};
		64B801181FA3990B004A6EEE /* JSONs */ = {
			isa = PBXGroup;
			children = (
				64B801191FA3990B004A6EEE /* trakt_episodes_summary.json */,
				64B8011A1FA3990B004A6EEE /* trakt_genres_movies.json */,
				64B8011B1FA3990B004A6EEE /* trakt_genres_shows.json */,
				64B8011C1FA3990B004A6EEE /* trakt_search_textquery.json */,
				64B8011D1FA3990B004A6EEE /* trakt_shows_summary.json */,
				64B8011E1FA3990B004A6EEE /* trakt_shows_trending.json */,
				64B8011F1FA3990B004A6EEE /* trakt_shows_watchedprogress.json */,
				64B801201FA3990B004A6EEE /* trakt_sync_watchedshows.json */,
				64B801211FA3990B004A6EEE /* trakt_users_settings.json */,
			);
			path = JSONs;
			sourceTree = "<group>";
		};
		64B801301FA3A50A004A6EEE /* TraktTestsResources */ = {
			isa = PBXGroup;
			children = (
				64B801311FA3A50A004A6EEE /* Info.plist */,
			);
			path = TraktTestsResources;
			sourceTree = "<group>";
		};
		9C6BA3B8CFCBE0FA85308BE3 /* Pods */ = {
			isa = PBXGroup;
			children = (
				2D2C33C259154CF28E674C53 /* Pods-Trakt_Example.debug.xcconfig */,
				D9DB8D400A394FB439F5D4AD /* Pods-Trakt_Example.release.xcconfig */,
				12E47DF8A5E9D8C08F80AA4C /* Pods-TraktTests.debug.xcconfig */,
				6C2EFBF92968B79F8E47C777 /* Pods-TraktTests.release.xcconfig */,
			);
			name = Pods;
			sourceTree = "<group>";
		};
/* End PBXGroup section */

/* Begin PBXNativeTarget section */
		64B8010D1FA398D7004A6EEE /* TraktTests */ = {
			isa = PBXNativeTarget;
			buildConfigurationList = 64B801131FA398D7004A6EEE /* Build configuration list for PBXNativeTarget "TraktTests" */;
			buildPhases = (
				6D3671F2B379BE7C8663CAD9 /* [CP] Check Pods Manifest.lock */,
				64B8010A1FA398D7004A6EEE /* Sources */,
				64B8010B1FA398D7004A6EEE /* Frameworks */,
				64B8010C1FA398D7004A6EEE /* Resources */,
				6666CE758929F40F08CF9E13 /* [CP] Embed Pods Frameworks */,
				87D435AACF97B602FD8BE74F /* [CP] Copy Pods Resources */,
			);
			buildRules = (
			);
			dependencies = (
				64B801401FA3A587004A6EEE /* PBXTargetDependency */,
			);
			name = TraktTests;
			productName = TraktTests;
			productReference = 64B8010E1FA398D7004A6EEE /* TraktTests.xctest */;
			productType = "com.apple.product-type.bundle.unit-test";
		};
		64B8012E1FA3A50A004A6EEE /* TraktTestsResources */ = {
			isa = PBXNativeTarget;
			buildConfigurationList = 64B801341FA3A50A004A6EEE /* Build configuration list for PBXNativeTarget "TraktTestsResources" */;
			buildPhases = (
				64B8012B1FA3A50A004A6EEE /* Sources */,
				64B8012C1FA3A50A004A6EEE /* Frameworks */,
				64B8012D1FA3A50A004A6EEE /* Resources */,
			);
			buildRules = (
			);
			dependencies = (
			);
			name = TraktTestsResources;
			productName = TraktTestsResources;
			productReference = 64B8012F1FA3A50A004A6EEE /* TraktTestsResources.bundle */;
			productType = "com.apple.product-type.bundle";
		};
/* End PBXNativeTarget section */

/* Begin PBXProject section */
		607FACC81AFB9204008FA782 /* Project object */ = {
			isa = PBXProject;
			attributes = {
				LastSwiftUpdateCheck = 0900;
				LastUpgradeCheck = 0820;
				ORGANIZATIONNAME = CocoaPods;
				TargetAttributes = {
					64B8010D1FA398D7004A6EEE = {
						CreatedOnToolsVersion = 9.0;
						ProvisioningStyle = Automatic;
					};
					64B8012E1FA3A50A004A6EEE = {
						CreatedOnToolsVersion = 9.0;
						DevelopmentTeam = B5RPM7SE3L;
						ProvisioningStyle = Automatic;
					};
				};
			};
			buildConfigurationList = 607FACCB1AFB9204008FA782 /* Build configuration list for PBXProject "Trakt" */;
			compatibilityVersion = "Xcode 3.2";
			developmentRegion = English;
			hasScannedForEncodings = 0;
			knownRegions = (
				en,
				Base,
			);
			mainGroup = 607FACC71AFB9204008FA782;
			productRefGroup = 607FACD11AFB9204008FA782 /* Products */;
			projectDirPath = "";
			projectRoot = "";
			targets = (
				64B8010D1FA398D7004A6EEE /* TraktTests */,
				64B8012E1FA3A50A004A6EEE /* TraktTestsResources */,
			);
		};
/* End PBXProject section */

/* Begin PBXResourcesBuildPhase section */
		64B8010C1FA398D7004A6EEE /* Resources */ = {
			isa = PBXResourcesBuildPhase;
			buildActionMask = 2147483647;
			files = (
			);
			runOnlyForDeploymentPostprocessing = 0;
		};
		64B8012D1FA3A50A004A6EEE /* Resources */ = {
			isa = PBXResourcesBuildPhase;
			buildActionMask = 2147483647;
			files = (
				64B801381FA3A510004A6EEE /* trakt_search_textquery.json in Resources */,
				64B8013C1FA3A510004A6EEE /* trakt_sync_watchedshows.json in Resources */,
				64B801351FA3A510004A6EEE /* trakt_episodes_summary.json in Resources */,
				64B8013B1FA3A510004A6EEE /* trakt_shows_watchedprogress.json in Resources */,
				64B8013A1FA3A510004A6EEE /* trakt_shows_trending.json in Resources */,
				64B801391FA3A510004A6EEE /* trakt_shows_summary.json in Resources */,
				64B801361FA3A510004A6EEE /* trakt_genres_movies.json in Resources */,
				64B8013D1FA3A510004A6EEE /* trakt_users_settings.json in Resources */,
				64B801371FA3A510004A6EEE /* trakt_genres_shows.json in Resources */,
			);
			runOnlyForDeploymentPostprocessing = 0;
		};
/* End PBXResourcesBuildPhase section */

/* Begin PBXShellScriptBuildPhase section */
		6666CE758929F40F08CF9E13 /* [CP] Embed Pods Frameworks */ = {
			isa = PBXShellScriptBuildPhase;
			buildActionMask = 2147483647;
			files = (
			);
			inputPaths = (
				"${SRCROOT}/Pods/Target Support Files/Pods-TraktTests/Pods-TraktTests-frameworks.sh",
				"${BUILT_PRODUCTS_DIR}/Alamofire-macOS/Alamofire.framework",
				"${BUILT_PRODUCTS_DIR}/Moya-macOS/Moya.framework",
				"${BUILT_PRODUCTS_DIR}/Moya-ObjectMapper-macOS/Moya_ObjectMapper.framework",
				"${BUILT_PRODUCTS_DIR}/ObjectMapper-macOS/ObjectMapper.framework",
				"${BUILT_PRODUCTS_DIR}/Result-macOS/Result.framework",
				"${BUILT_PRODUCTS_DIR}/RxSwift-macOS/RxSwift.framework",
				"${BUILT_PRODUCTS_DIR}/Trakt-macOS/Trakt.framework",
				"${BUILT_PRODUCTS_DIR}/RxTest/RxTest.framework",
			);
			name = "[CP] Embed Pods Frameworks";
			outputPaths = (
				"${TARGET_BUILD_DIR}/${FRAMEWORKS_FOLDER_PATH}/Alamofire.framework",
				"${TARGET_BUILD_DIR}/${FRAMEWORKS_FOLDER_PATH}/Moya.framework",
				"${TARGET_BUILD_DIR}/${FRAMEWORKS_FOLDER_PATH}/Moya_ObjectMapper.framework",
				"${TARGET_BUILD_DIR}/${FRAMEWORKS_FOLDER_PATH}/ObjectMapper.framework",
				"${TARGET_BUILD_DIR}/${FRAMEWORKS_FOLDER_PATH}/Result.framework",
				"${TARGET_BUILD_DIR}/${FRAMEWORKS_FOLDER_PATH}/RxSwift.framework",
				"${TARGET_BUILD_DIR}/${FRAMEWORKS_FOLDER_PATH}/Trakt.framework",
				"${TARGET_BUILD_DIR}/${FRAMEWORKS_FOLDER_PATH}/RxTest.framework",
			);
			runOnlyForDeploymentPostprocessing = 0;
			shellPath = /bin/sh;
			shellScript = "\"${SRCROOT}/Pods/Target Support Files/Pods-TraktTests/Pods-TraktTests-frameworks.sh\"\n";
			showEnvVarsInLog = 0;
		};
		6D3671F2B379BE7C8663CAD9 /* [CP] Check Pods Manifest.lock */ = {
			isa = PBXShellScriptBuildPhase;
			buildActionMask = 2147483647;
			files = (
			);
			inputPaths = (
				"${PODS_PODFILE_DIR_PATH}/Podfile.lock",
				"${PODS_ROOT}/Manifest.lock",
			);
			name = "[CP] Check Pods Manifest.lock";
			outputPaths = (
				"$(DERIVED_FILE_DIR)/Pods-TraktTests-checkManifestLockResult.txt",
			);
			runOnlyForDeploymentPostprocessing = 0;
			shellPath = /bin/sh;
			shellScript = "diff \"${PODS_PODFILE_DIR_PATH}/Podfile.lock\" \"${PODS_ROOT}/Manifest.lock\" > /dev/null\nif [ $? != 0 ] ; then\n    # print error to STDERR\n    echo \"error: The sandbox is not in sync with the Podfile.lock. Run 'pod install' or update your CocoaPods installation.\" >&2\n    exit 1\nfi\n";
			showEnvVarsInLog = 0;
		};
		87D435AACF97B602FD8BE74F /* [CP] Copy Pods Resources */ = {
			isa = PBXShellScriptBuildPhase;
			buildActionMask = 2147483647;
			files = (
			);
			inputPaths = (
			);
			name = "[CP] Copy Pods Resources";
			outputPaths = (
			);
			runOnlyForDeploymentPostprocessing = 0;
			shellPath = /bin/sh;
			shellScript = "\"${SRCROOT}/Pods/Target Support Files/Pods-TraktTests/Pods-TraktTests-resources.sh\"\n";
			showEnvVarsInLog = 0;
		};
/* End PBXShellScriptBuildPhase section */

/* Begin PBXSourcesBuildPhase section */
		64B8010A1FA398D7004A6EEE /* Sources */ = {
			isa = PBXSourcesBuildPhase;
			buildActionMask = 2147483647;
			files = (
				64B801241FA39911004A6EEE /* ShowsTest.swift in Sources */,
				64B801A21FA788E3004A6EEE /* TraktTests.swift in Sources */,
			);
			runOnlyForDeploymentPostprocessing = 0;
		};
		64B8012B1FA3A50A004A6EEE /* Sources */ = {
			isa = PBXSourcesBuildPhase;
			buildActionMask = 2147483647;
			files = (
			);
			runOnlyForDeploymentPostprocessing = 0;
		};
/* End PBXSourcesBuildPhase section */

/* Begin PBXTargetDependency section */
		64B801401FA3A587004A6EEE /* PBXTargetDependency */ = {
			isa = PBXTargetDependency;
			target = 64B8012E1FA3A50A004A6EEE /* TraktTestsResources */;
			targetProxy = 64B8013F1FA3A587004A6EEE /* PBXContainerItemProxy */;
		};
/* End PBXTargetDependency section */

/* Begin XCBuildConfiguration section */
		607FACED1AFB9204008FA782 /* Debug */ = {
			isa = XCBuildConfiguration;
			buildSettings = {
				ALWAYS_SEARCH_USER_PATHS = NO;
				CLANG_CXX_LANGUAGE_STANDARD = "gnu++0x";
				CLANG_CXX_LIBRARY = "libc++";
				CLANG_ENABLE_MODULES = YES;
				CLANG_ENABLE_OBJC_ARC = YES;
				CLANG_WARN_BOOL_CONVERSION = YES;
				CLANG_WARN_CONSTANT_CONVERSION = YES;
				CLANG_WARN_DIRECT_OBJC_ISA_USAGE = YES_ERROR;
				CLANG_WARN_EMPTY_BODY = YES;
				CLANG_WARN_ENUM_CONVERSION = YES;
				CLANG_WARN_INFINITE_RECURSION = YES;
				CLANG_WARN_INT_CONVERSION = YES;
				CLANG_WARN_OBJC_ROOT_CLASS = YES_ERROR;
				CLANG_WARN_SUSPICIOUS_MOVE = YES;
				CLANG_WARN_UNREACHABLE_CODE = YES;
				CLANG_WARN__DUPLICATE_METHOD_MATCH = YES;
				"CODE_SIGN_IDENTITY[sdk=iphoneos*]" = "iPhone Developer";
				COPY_PHASE_STRIP = NO;
				DEBUG_INFORMATION_FORMAT = "dwarf-with-dsym";
				ENABLE_STRICT_OBJC_MSGSEND = YES;
				ENABLE_TESTABILITY = YES;
				GCC_C_LANGUAGE_STANDARD = gnu99;
				GCC_DYNAMIC_NO_PIC = NO;
				GCC_NO_COMMON_BLOCKS = YES;
				GCC_OPTIMIZATION_LEVEL = 0;
				GCC_PREPROCESSOR_DEFINITIONS = (
					"DEBUG=1",
					"$(inherited)",
				);
				GCC_SYMBOLS_PRIVATE_EXTERN = NO;
				GCC_WARN_64_TO_32_BIT_CONVERSION = YES;
				GCC_WARN_ABOUT_RETURN_TYPE = YES_ERROR;
				GCC_WARN_UNDECLARED_SELECTOR = YES;
				GCC_WARN_UNINITIALIZED_AUTOS = YES_AGGRESSIVE;
				GCC_WARN_UNUSED_FUNCTION = YES;
				GCC_WARN_UNUSED_VARIABLE = YES;
				IPHONEOS_DEPLOYMENT_TARGET = 8.3;
				MTL_ENABLE_DEBUG_INFO = YES;
				ONLY_ACTIVE_ARCH = YES;
				SDKROOT = iphoneos;
				SWIFT_OPTIMIZATION_LEVEL = "-Onone";
			};
			name = Debug;
		};
		607FACEE1AFB9204008FA782 /* Release */ = {
			isa = XCBuildConfiguration;
			buildSettings = {
				ALWAYS_SEARCH_USER_PATHS = NO;
				CLANG_CXX_LANGUAGE_STANDARD = "gnu++0x";
				CLANG_CXX_LIBRARY = "libc++";
				CLANG_ENABLE_MODULES = YES;
				CLANG_ENABLE_OBJC_ARC = YES;
				CLANG_WARN_BOOL_CONVERSION = YES;
				CLANG_WARN_CONSTANT_CONVERSION = YES;
				CLANG_WARN_DIRECT_OBJC_ISA_USAGE = YES_ERROR;
				CLANG_WARN_EMPTY_BODY = YES;
				CLANG_WARN_ENUM_CONVERSION = YES;
				CLANG_WARN_INFINITE_RECURSION = YES;
				CLANG_WARN_INT_CONVERSION = YES;
				CLANG_WARN_OBJC_ROOT_CLASS = YES_ERROR;
				CLANG_WARN_SUSPICIOUS_MOVE = YES;
				CLANG_WARN_UNREACHABLE_CODE = YES;
				CLANG_WARN__DUPLICATE_METHOD_MATCH = YES;
				"CODE_SIGN_IDENTITY[sdk=iphoneos*]" = "iPhone Developer";
				COPY_PHASE_STRIP = NO;
				DEBUG_INFORMATION_FORMAT = "dwarf-with-dsym";
				ENABLE_NS_ASSERTIONS = NO;
				ENABLE_STRICT_OBJC_MSGSEND = YES;
				GCC_C_LANGUAGE_STANDARD = gnu99;
				GCC_NO_COMMON_BLOCKS = YES;
				GCC_WARN_64_TO_32_BIT_CONVERSION = YES;
				GCC_WARN_ABOUT_RETURN_TYPE = YES_ERROR;
				GCC_WARN_UNDECLARED_SELECTOR = YES;
				GCC_WARN_UNINITIALIZED_AUTOS = YES_AGGRESSIVE;
				GCC_WARN_UNUSED_FUNCTION = YES;
				GCC_WARN_UNUSED_VARIABLE = YES;
				IPHONEOS_DEPLOYMENT_TARGET = 8.3;
				MTL_ENABLE_DEBUG_INFO = NO;
				SDKROOT = iphoneos;
				SWIFT_OPTIMIZATION_LEVEL = "-Owholemodule";
				VALIDATE_PRODUCT = YES;
			};
			name = Release;
		};
		64B801141FA398D7004A6EEE /* Debug */ = {
			isa = XCBuildConfiguration;
			baseConfigurationReference = 12E47DF8A5E9D8C08F80AA4C /* Pods-TraktTests.debug.xcconfig */;
			buildSettings = {
				CLANG_ANALYZER_NONNULL = YES;
				CLANG_ANALYZER_NUMBER_OBJECT_CONVERSION = YES_AGGRESSIVE;
				CLANG_CXX_LANGUAGE_STANDARD = "gnu++14";
				CLANG_WARN_BLOCK_CAPTURE_AUTORELEASING = YES;
				CLANG_WARN_COMMA = YES;
				CLANG_WARN_DOCUMENTATION_COMMENTS = YES;
				CLANG_WARN_NON_LITERAL_NULL_CONVERSION = YES;
				CLANG_WARN_OBJC_LITERAL_CONVERSION = YES;
				CLANG_WARN_RANGE_LOOP_ANALYSIS = YES;
				CLANG_WARN_STRICT_PROTOTYPES = YES;
				CLANG_WARN_UNGUARDED_AVAILABILITY = YES_AGGRESSIVE;
				CODE_SIGN_IDENTITY = "";
				CODE_SIGN_STYLE = Automatic;
				COMBINE_HIDPI_IMAGES = YES;
				DEBUG_INFORMATION_FORMAT = dwarf;
				DEVELOPMENT_TEAM = "";
				GCC_C_LANGUAGE_STANDARD = gnu11;
				INFOPLIST_FILE = TraktTests/Info.plist;
				LD_RUNPATH_SEARCH_PATHS = "$(inherited) @executable_path/../Frameworks @loader_path/../Frameworks";
				MACOSX_DEPLOYMENT_TARGET = 10.12;
				PRODUCT_BUNDLE_IDENTIFIER = io.github.pietrocaselani.TraktTests;
				PRODUCT_NAME = "$(TARGET_NAME)";
				SDKROOT = macosx;
				SWIFT_ACTIVE_COMPILATION_CONDITIONS = DEBUG;
				SWIFT_VERSION = 4.0;
			};
			name = Debug;
		};
		64B801151FA398D7004A6EEE /* Release */ = {
			isa = XCBuildConfiguration;
			baseConfigurationReference = 6C2EFBF92968B79F8E47C777 /* Pods-TraktTests.release.xcconfig */;
			buildSettings = {
				CLANG_ANALYZER_NONNULL = YES;
				CLANG_ANALYZER_NUMBER_OBJECT_CONVERSION = YES_AGGRESSIVE;
				CLANG_CXX_LANGUAGE_STANDARD = "gnu++14";
				CLANG_WARN_BLOCK_CAPTURE_AUTORELEASING = YES;
				CLANG_WARN_COMMA = YES;
				CLANG_WARN_DOCUMENTATION_COMMENTS = YES;
				CLANG_WARN_NON_LITERAL_NULL_CONVERSION = YES;
				CLANG_WARN_OBJC_LITERAL_CONVERSION = YES;
				CLANG_WARN_RANGE_LOOP_ANALYSIS = YES;
				CLANG_WARN_STRICT_PROTOTYPES = YES;
				CLANG_WARN_UNGUARDED_AVAILABILITY = YES_AGGRESSIVE;
				CODE_SIGN_IDENTITY = "";
				CODE_SIGN_STYLE = Automatic;
				COMBINE_HIDPI_IMAGES = YES;
				DEVELOPMENT_TEAM = "";
				GCC_C_LANGUAGE_STANDARD = gnu11;
				INFOPLIST_FILE = TraktTests/Info.plist;
				LD_RUNPATH_SEARCH_PATHS = "$(inherited) @executable_path/../Frameworks @loader_path/../Frameworks";
				MACOSX_DEPLOYMENT_TARGET = 10.12;
				PRODUCT_BUNDLE_IDENTIFIER = io.github.pietrocaselani.TraktTests;
				PRODUCT_NAME = "$(TARGET_NAME)";
				SDKROOT = macosx;
				SWIFT_VERSION = 4.0;
			};
			name = Release;
		};
		64B801321FA3A50A004A6EEE /* Debug */ = {
			isa = XCBuildConfiguration;
			buildSettings = {
				CLANG_ANALYZER_NONNULL = YES;
				CLANG_ANALYZER_NUMBER_OBJECT_CONVERSION = YES_AGGRESSIVE;
				CLANG_CXX_LANGUAGE_STANDARD = "gnu++14";
				CLANG_WARN_BLOCK_CAPTURE_AUTORELEASING = YES;
				CLANG_WARN_COMMA = YES;
				CLANG_WARN_DOCUMENTATION_COMMENTS = YES;
				CLANG_WARN_NON_LITERAL_NULL_CONVERSION = YES;
				CLANG_WARN_OBJC_LITERAL_CONVERSION = YES;
				CLANG_WARN_RANGE_LOOP_ANALYSIS = YES;
				CLANG_WARN_STRICT_PROTOTYPES = YES;
				CLANG_WARN_UNGUARDED_AVAILABILITY = YES_AGGRESSIVE;
				CODE_SIGN_IDENTITY = "Mac Developer";
				CODE_SIGN_STYLE = Automatic;
				COMBINE_HIDPI_IMAGES = YES;
				DEBUG_INFORMATION_FORMAT = dwarf;
				DEVELOPMENT_TEAM = B5RPM7SE3L;
				GCC_C_LANGUAGE_STANDARD = gnu11;
				INFOPLIST_FILE = TraktTestsResources/Info.plist;
				INSTALL_PATH = "$(LOCAL_LIBRARY_DIR)/Bundles";
				MACOSX_DEPLOYMENT_TARGET = 10.12;
				PRODUCT_BUNDLE_IDENTIFIER = io.github.pietrocaselani.TraktTestsResources;
				PRODUCT_NAME = "$(TARGET_NAME)";
				SDKROOT = macosx;
				SKIP_INSTALL = YES;
				WRAPPER_EXTENSION = bundle;
			};
			name = Debug;
		};
		64B801331FA3A50A004A6EEE /* Release */ = {
			isa = XCBuildConfiguration;
			buildSettings = {
				CLANG_ANALYZER_NONNULL = YES;
				CLANG_ANALYZER_NUMBER_OBJECT_CONVERSION = YES_AGGRESSIVE;
				CLANG_CXX_LANGUAGE_STANDARD = "gnu++14";
				CLANG_WARN_BLOCK_CAPTURE_AUTORELEASING = YES;
				CLANG_WARN_COMMA = YES;
				CLANG_WARN_DOCUMENTATION_COMMENTS = YES;
				CLANG_WARN_NON_LITERAL_NULL_CONVERSION = YES;
				CLANG_WARN_OBJC_LITERAL_CONVERSION = YES;
				CLANG_WARN_RANGE_LOOP_ANALYSIS = YES;
				CLANG_WARN_STRICT_PROTOTYPES = YES;
				CLANG_WARN_UNGUARDED_AVAILABILITY = YES_AGGRESSIVE;
				CODE_SIGN_IDENTITY = "Mac Developer";
				CODE_SIGN_STYLE = Automatic;
				COMBINE_HIDPI_IMAGES = YES;
				DEVELOPMENT_TEAM = B5RPM7SE3L;
				GCC_C_LANGUAGE_STANDARD = gnu11;
				INFOPLIST_FILE = TraktTestsResources/Info.plist;
				INSTALL_PATH = "$(LOCAL_LIBRARY_DIR)/Bundles";
				MACOSX_DEPLOYMENT_TARGET = 10.12;
				PRODUCT_BUNDLE_IDENTIFIER = io.github.pietrocaselani.TraktTestsResources;
				PRODUCT_NAME = "$(TARGET_NAME)";
				SDKROOT = macosx;
				SKIP_INSTALL = YES;
				WRAPPER_EXTENSION = bundle;
			};
			name = Release;
		};
/* End XCBuildConfiguration section */

/* Begin XCConfigurationList section */
		607FACCB1AFB9204008FA782 /* Build configuration list for PBXProject "Trakt" */ = {
			isa = XCConfigurationList;
			buildConfigurations = (
				607FACED1AFB9204008FA782 /* Debug */,
				607FACEE1AFB9204008FA782 /* Release */,
			);
			defaultConfigurationIsVisible = 0;
			defaultConfigurationName = Release;
		};
		64B801131FA398D7004A6EEE /* Build configuration list for PBXNativeTarget "TraktTests" */ = {
			isa = XCConfigurationList;
			buildConfigurations = (
				64B801141FA398D7004A6EEE /* Debug */,
				64B801151FA398D7004A6EEE /* Release */,
			);
			defaultConfigurationIsVisible = 0;
			defaultConfigurationName = Release;
		};
		64B801341FA3A50A004A6EEE /* Build configuration list for PBXNativeTarget "TraktTestsResources" */ = {
			isa = XCConfigurationList;
			buildConfigurations = (
				64B801321FA3A50A004A6EEE /* Debug */,
				64B801331FA3A50A004A6EEE /* Release */,
			);
			defaultConfigurationIsVisible = 0;
			defaultConfigurationName = Release;
		};
/* End XCConfigurationList section */
	};
	rootObject = 607FACC81AFB9204008FA782 /* Project object */;
}
